
Microsoft Visual Studio Solution File, Format Version 12.00
# Visual Studio 15
VisualStudioVersion = 15.0.28307.1433
MinimumVisualStudioVersion = 10.0.40219.1
Project("{FAE04EC0-301F-11D3-BF4B-00C04F79EFBC}") = "PAV_G12_K-BEZA", "PAV_G12_K-BEZA\PAV_G12_K-BEZA.csproj", "{9B7E2913-F6AE-488A-A112-4E25AE3BB470}"
EndProject
Global
	GlobalSection(SolutionConfigurationPlatforms) = preSolution
		Debug|Any CPU = Debug|Any CPU
		Release|Any CPU = Release|Any CPU
	EndGlobalSection
	GlobalSection(ProjectConfigurationPlatforms) = postSolution
		{9B7E2913-F6AE-488A-A112-4E25AE3BB470}.Debug|Any CPU.ActiveCfg = Debug|Any CPU
		{9B7E2913-F6AE-488A-A112-4E25AE3BB470}.Debug|Any CPU.Build.0 = Debug|Any CPU
		{9B7E2913-F6AE-488A-A112-4E25AE3BB470}.Release|Any CPU.ActiveCfg = Release|Any CPU
		{9B7E2913-F6AE-488A-A112-4E25AE3BB470}.Release|Any CPU.Build.0 = Release|Any CPU
	EndGlobalSection
	GlobalSection(SolutionProperties) = preSolution
		HideSolutionNode = FALSE
	EndGlobalSection
	GlobalSection(ExtensibilityGlobals) = postSolution
		SolutionGuid = {739BA332-83A4-4188-94FB-76506A10D77F}
	EndGlobalSection
EndGlobal
